// !$*UTF8*$!
{
	archiveVersion = 1;
	classes = {
	};
	objectVersion = 77;
	objects = {

/* Begin PBXBuildFile section */
		760E59ED2EC9D07200A2A119 /* DetailsScreen.swift in Sources */ = {isa = PBXBuildFile; fileRef = 760E59EC2EC9D07200A2A119 /* DetailsScreen.swift */; };
		761415B52ECAF2D9001E9BA9 /* ClipboardItemUI.swift in Sources */ = {isa = PBXBuildFile; fileRef = 761415B42ECAF2D9001E9BA9 /* ClipboardItemUI.swift */; };
		765B23972EC84C3900A58706 /* CFlowExt.swift in Sources */ = {isa = PBXBuildFile; fileRef = 765B23892EC84C3900A58706 /* CFlowExt.swift */; };
		765B23982EC84C3900A58706 /* ViewModelBinding.swift in Sources */ = {isa = PBXBuildFile; fileRef = 765B238B2EC84C3900A58706 /* ViewModelBinding.swift */; };
		765B23992EC84C3900A58706 /* ViewModelObservable.swift in Sources */ = {isa = PBXBuildFile; fileRef = 765B238C2EC84C3900A58706 /* ViewModelObservable.swift */; };
		765B239A2EC84C3900A58706 /* ViewModelState.swift in Sources */ = {isa = PBXBuildFile; fileRef = 765B238D2EC84C3900A58706 /* ViewModelState.swift */; };
		765B239B2EC84C3900A58706 /* ViewModelStateNullable.swift in Sources */ = {isa = PBXBuildFile; fileRef = 765B238E2EC84C3900A58706 /* ViewModelStateNullable.swift */; };
		765B239D2EC84C3900A58706 /* iOSApp.swift in Sources */ = {isa = PBXBuildFile; fileRef = 765B23952EC84C3900A58706 /* iOSApp.swift */; };
		765B239E2EC84C3900A58706 /* Preview Assets.xcassets in Resources */ = {isa = PBXBuildFile; fileRef = 765B23902EC84C3900A58706 /* Preview Assets.xcassets */; };
		765B239F2EC84C3900A58706 /* Assets.xcassets in Resources */ = {isa = PBXBuildFile; fileRef = 765B23922EC84C3900A58706 /* Assets.xcassets */; };
		765B23A42EC84C8F00A58706 /* ClipboardScreen.swift in Sources */ = {isa = PBXBuildFile; fileRef = 765B23A32EC84C8F00A58706 /* ClipboardScreen.swift */; };
		765B23A62EC84CA100A58706 /* ClipboardItemRow.swift in Sources */ = {isa = PBXBuildFile; fileRef = 765B23A52EC84CA100A58706 /* ClipboardItemRow.swift */; };
		76A2FF7C2ECB556100EB9F12 /* Route.swift in Sources */ = {isa = PBXBuildFile; fileRef = 76A2FF7B2ECB556100EB9F12 /* Route.swift */; };
/* End PBXBuildFile section */

/* Begin PBXFileReference section */
		760E59EC2EC9D07200A2A119 /* DetailsScreen.swift */ = {isa = PBXFileReference; lastKnownFileType = sourcecode.swift; path = DetailsScreen.swift; sourceTree = "<group>"; };
		761415B42ECAF2D9001E9BA9 /* ClipboardItemUI.swift */ = {isa = PBXFileReference; lastKnownFileType = sourcecode.swift; path = ClipboardItemUI.swift; sourceTree = "<group>"; };
		765B23892EC84C3900A58706 /* CFlowExt.swift */ = {isa = PBXFileReference; lastKnownFileType = sourcecode.swift; path = CFlowExt.swift; sourceTree = "<group>"; };
		765B238A2EC84C3900A58706 /* mokoMvvmFlowSwiftUI.h */ = {isa = PBXFileReference; lastKnownFileType = sourcecode.c.h; path = mokoMvvmFlowSwiftUI.h; sourceTree = "<group>"; };
		765B238B2EC84C3900A58706 /* ViewModelBinding.swift */ = {isa = PBXFileReference; lastKnownFileType = sourcecode.swift; path = ViewModelBinding.swift; sourceTree = "<group>"; };
		765B238C2EC84C3900A58706 /* ViewModelObservable.swift */ = {isa = PBXFileReference; lastKnownFileType = sourcecode.swift; path = ViewModelObservable.swift; sourceTree = "<group>"; };
		765B238D2EC84C3900A58706 /* ViewModelState.swift */ = {isa = PBXFileReference; lastKnownFileType = sourcecode.swift; path = ViewModelState.swift; sourceTree = "<group>"; };
		765B238E2EC84C3900A58706 /* ViewModelStateNullable.swift */ = {isa = PBXFileReference; lastKnownFileType = sourcecode.swift; path = ViewModelStateNullable.swift; sourceTree = "<group>"; };
		765B23902EC84C3900A58706 /* Preview Assets.xcassets */ = {isa = PBXFileReference; lastKnownFileType = folder.assetcatalog; path = "Preview Assets.xcassets"; sourceTree = "<group>"; };
		765B23922EC84C3900A58706 /* Assets.xcassets */ = {isa = PBXFileReference; lastKnownFileType = folder.assetcatalog; path = Assets.xcassets; sourceTree = "<group>"; };
		765B23942EC84C3900A58706 /* Info.plist */ = {isa = PBXFileReference; lastKnownFileType = text.plist.xml; path = Info.plist; sourceTree = "<group>"; };
		765B23952EC84C3900A58706 /* iOSApp.swift */ = {isa = PBXFileReference; lastKnownFileType = sourcecode.swift; path = iOSApp.swift; sourceTree = "<group>"; };
		765B23A12EC84C3D00A58706 /* Config.xcconfig */ = {isa = PBXFileReference; lastKnownFileType = text.xcconfig; path = Config.xcconfig; sourceTree = "<group>"; };
		765B23A32EC84C8F00A58706 /* ClipboardScreen.swift */ = {isa = PBXFileReference; lastKnownFileType = sourcecode.swift; path = ClipboardScreen.swift; sourceTree = "<group>"; };
		765B23A52EC84CA100A58706 /* ClipboardItemRow.swift */ = {isa = PBXFileReference; lastKnownFileType = sourcecode.swift; path = ClipboardItemRow.swift; sourceTree = "<group>"; };
		76A2FF7B2ECB556100EB9F12 /* Route.swift */ = {isa = PBXFileReference; lastKnownFileType = sourcecode.swift; path = Route.swift; sourceTree = "<group>"; };
		F4DA86892CC5309EF0F3B02B /* ClipboardApp.app */ = {isa = PBXFileReference; explicitFileType = wrapper.application; includeInIndex = 0; path = ClipboardApp.app; sourceTree = BUILT_PRODUCTS_DIR; };
/* End PBXFileReference section */

/* Begin PBXFrameworksBuildPhase section */
		78B21B56DABDA4385C6E70A5 /* Frameworks */ = {
			isa = PBXFrameworksBuildPhase;
			buildActionMask = 2147483647;
			files = (
			);
			runOnlyForDeploymentPostprocessing = 0;
		};
/* End PBXFrameworksBuildPhase section */

/* Begin PBXGroup section */
		4D7189648505FD3A2312913C = {
			isa = PBXGroup;
			children = (
				765B23A22EC84C3D00A58706 /* Configuration */,
				765B23962EC84C3900A58706 /* iosApp */,
				99CE10FEEFEB916B05C1E75F /* Products */,
			);
			sourceTree = "<group>";
		};
		765B238F2EC84C3900A58706 /* mokoMvvmFlowSwiftUI */ = {
			isa = PBXGroup;
			children = (
				765B23892EC84C3900A58706 /* CFlowExt.swift */,
				765B238A2EC84C3900A58706 /* mokoMvvmFlowSwiftUI.h */,
				765B238B2EC84C3900A58706 /* ViewModelBinding.swift */,
				765B238C2EC84C3900A58706 /* ViewModelObservable.swift */,
				765B238D2EC84C3900A58706 /* ViewModelState.swift */,
				765B238E2EC84C3900A58706 /* ViewModelStateNullable.swift */,
			);
			path = mokoMvvmFlowSwiftUI;
			sourceTree = "<group>";
		};
		765B23912EC84C3900A58706 /* Preview Content */ = {
			isa = PBXGroup;
			children = (
				765B23902EC84C3900A58706 /* Preview Assets.xcassets */,
			);
			path = "Preview Content";
			sourceTree = "<group>";
		};
		765B23962EC84C3900A58706 /* iosApp */ = {
			isa = PBXGroup;
			children = (
				765B23952EC84C3900A58706 /* iOSApp.swift */,
				765B23A32EC84C8F00A58706 /* ClipboardScreen.swift */,
				765B23A52EC84CA100A58706 /* ClipboardItemRow.swift */,
				760E59EC2EC9D07200A2A119 /* DetailsScreen.swift */,
				761415B42ECAF2D9001E9BA9 /* ClipboardItemUI.swift */,
				76A2FF7B2ECB556100EB9F12 /* Route.swift */,
				765B23922EC84C3900A58706 /* Assets.xcassets */,
				765B238F2EC84C3900A58706 /* mokoMvvmFlowSwiftUI */,
				765B23912EC84C3900A58706 /* Preview Content */,
				765B23942EC84C3900A58706 /* Info.plist */,
			);
			path = iosApp;
			sourceTree = "<group>";
		};
		765B23A22EC84C3D00A58706 /* Configuration */ = {
			isa = PBXGroup;
			children = (
				765B23A12EC84C3D00A58706 /* Config.xcconfig */,
			);
			path = Configuration;
			sourceTree = "<group>";
		};
		99CE10FEEFEB916B05C1E75F /* Products */ = {
			isa = PBXGroup;
			children = (
				F4DA86892CC5309EF0F3B02B /* ClipboardApp.app */,
			);
			name = Products;
			sourceTree = "<group>";
		};
/* End PBXGroup section */

/* Begin PBXNativeTarget section */
		3AF24A1C00779E4C4F74321F /* iosApp */ = {
			isa = PBXNativeTarget;
			buildConfigurationList = 8CFF8AA56AE8488BF68241FF /* Build configuration list for PBXNativeTarget "iosApp" */;
			buildPhases = (
				4D2FC22690B3D20F2FCBE649 /* Compile Kotlin Framework */,
				CC0C15174FF810F74510CE96 /* Sources */,
				78B21B56DABDA4385C6E70A5 /* Frameworks */,
				39DBA3ECFA0B5A5B438C9416 /* Resources */,
			);
			buildRules = (
			);
			dependencies = (
			);
			name = iosApp;
			packageProductDependencies = (
			);
			productName = iosApp;
			productReference = F4DA86892CC5309EF0F3B02B /* ClipboardApp.app */;
			productType = "com.apple.product-type.application";
		};
/* End PBXNativeTarget section */

/* Begin PBXProject section */
		12F7FAB66F69DDD62B6C7343 /* Project object */ = {
			isa = PBXProject;
			attributes = {
				BuildIndependentTargetsInParallel = 1;
				LastSwiftUpdateCheck = 1620;
				LastUpgradeCheck = 1620;
				TargetAttributes = {
					3AF24A1C00779E4C4F74321F = {
						CreatedOnToolsVersion = 16.2;
					};
				};
			};
			buildConfigurationList = 3EFE7408EBE327D86E6124DE /* Build configuration list for PBXProject "iosApp" */;
			developmentRegion = en;
			hasScannedForEncodings = 0;
			knownRegions = (
				en,
				Base,
			);
			mainGroup = 4D7189648505FD3A2312913C;
			minimizedProjectReferenceProxies = 1;
			preferredProjectObjectVersion = 77;
			productRefGroup = 99CE10FEEFEB916B05C1E75F /* Products */;
			projectDirPath = "";
			projectRoot = "";
			targets = (
				3AF24A1C00779E4C4F74321F /* iosApp */,
			);
		};
/* End PBXProject section */

/* Begin PBXResourcesBuildPhase section */
		39DBA3ECFA0B5A5B438C9416 /* Resources */ = {
			isa = PBXResourcesBuildPhase;
			buildActionMask = 2147483647;
			files = (
				765B239E2EC84C3900A58706 /* Preview Assets.xcassets in Resources */,
				765B239F2EC84C3900A58706 /* Assets.xcassets in Resources */,
			);
			runOnlyForDeploymentPostprocessing = 0;
		};
/* End PBXResourcesBuildPhase section */

/* Begin PBXShellScriptBuildPhase section */
		4D2FC22690B3D20F2FCBE649 /* Compile Kotlin Framework */ = {
			isa = PBXShellScriptBuildPhase;
			alwaysOutOfDate = 1;
			buildActionMask = 2147483647;
			files = (
			);
			inputFileListPaths = (
			);
			inputPaths = (
			);
			name = "Compile Kotlin Framework";
			outputFileListPaths = (
			);
			outputPaths = (
			);
			runOnlyForDeploymentPostprocessing = 0;
			shellPath = /bin/sh;
			shellScript = "if [ \"YES\" = \"$OVERRIDE_KOTLIN_BUILD_IDE_SUPPORTED\" ]; then\n  echo \"Skipping Gradle build task invocation due to OVERRIDE_KOTLIN_BUILD_IDE_SUPPORTED environment variable set to \\\"YES\\\"\"\n  exit 0\nfi\ncd \"$SRCROOT/..\"\n./gradlew :shared:embedAndSignAppleFrameworkForXcode\n";
		};
/* End PBXShellScriptBuildPhase section */

/* Begin PBXSourcesBuildPhase section */
		CC0C15174FF810F74510CE96 /* Sources */ = {
			isa = PBXSourcesBuildPhase;
			buildActionMask = 2147483647;
			files = (
				765B23A42EC84C8F00A58706 /* ClipboardScreen.swift in Sources */,
				760E59ED2EC9D07200A2A119 /* DetailsScreen.swift in Sources */,
				76A2FF7C2ECB556100EB9F12 /* Route.swift in Sources */,
				765B23972EC84C3900A58706 /* CFlowExt.swift in Sources */,
				765B23982EC84C3900A58706 /* ViewModelBinding.swift in Sources */,
				765B23992EC84C3900A58706 /* ViewModelObservable.swift in Sources */,
				765B239A2EC84C3900A58706 /* ViewModelState.swift in Sources */,
				765B23A62EC84CA100A58706 /* ClipboardItemRow.swift in Sources */,
				761415B52ECAF2D9001E9BA9 /* ClipboardItemUI.swift in Sources */,
				765B239B2EC84C3900A58706 /* ViewModelStateNullable.swift in Sources */,
				765B239D2EC84C3900A58706 /* iOSApp.swift in Sources */,
			);
			runOnlyForDeploymentPostprocessing = 0;
		};
/* End PBXSourcesBuildPhase section */

/* Begin XCBuildConfiguration section */
		4C6869064D5926858583F2B4 /* Release */ = {
			isa = XCBuildConfiguration;
			baseConfigurationReference = 765B23A12EC84C3D00A58706 /* Config.xcconfig */;
			buildSettings = {
				ALWAYS_SEARCH_USER_PATHS = NO;
				ASSETCATALOG_COMPILER_GENERATE_SWIFT_ASSET_SYMBOL_EXTENSIONS = YES;
				CLANG_ANALYZER_NONNULL = YES;
				CLANG_ANALYZER_NUMBER_OBJECT_CONVERSION = YES_AGGRESSIVE;
				CLANG_CXX_LANGUAGE_STANDARD = "gnu++20";
				CLANG_ENABLE_MODULES = YES;
				CLANG_ENABLE_OBJC_ARC = YES;
				CLANG_ENABLE_OBJC_WEAK = YES;
				CLANG_WARN_BLOCK_CAPTURE_AUTORELEASING = YES;
				CLANG_WARN_BOOL_CONVERSION = YES;
				CLANG_WARN_COMMA = YES;
				CLANG_WARN_CONSTANT_CONVERSION = YES;
				CLANG_WARN_DEPRECATED_OBJC_IMPLEMENTATIONS = YES;
				CLANG_WARN_DIRECT_OBJC_ISA_USAGE = YES_ERROR;
				CLANG_WARN_DOCUMENTATION_COMMENTS = YES;
				CLANG_WARN_EMPTY_BODY = YES;
				CLANG_WARN_ENUM_CONVERSION = YES;
				CLANG_WARN_INFINITE_RECURSION = YES;
				CLANG_WARN_INT_CONVERSION = YES;
				CLANG_WARN_NON_LITERAL_NULL_CONVERSION = YES;
				CLANG_WARN_OBJC_IMPLICIT_RETAIN_SELF = YES;
				CLANG_WARN_OBJC_LITERAL_CONVERSION = YES;
				CLANG_WARN_OBJC_ROOT_CLASS = YES_ERROR;
				CLANG_WARN_QUOTED_INCLUDE_IN_FRAMEWORK_HEADER = YES;
				CLANG_WARN_RANGE_LOOP_ANALYSIS = YES;
				CLANG_WARN_STRICT_PROTOTYPES = YES;
				CLANG_WARN_SUSPICIOUS_MOVE = YES;
				CLANG_WARN_UNGUARDED_AVAILABILITY = YES_AGGRESSIVE;
				CLANG_WARN_UNREACHABLE_CODE = YES;
				CLANG_WARN__DUPLICATE_METHOD_MATCH = YES;
				COPY_PHASE_STRIP = NO;
				DEBUG_INFORMATION_FORMAT = "dwarf-with-dsym";
				ENABLE_NS_ASSERTIONS = NO;
				ENABLE_STRICT_OBJC_MSGSEND = YES;
				ENABLE_USER_SCRIPT_SANDBOXING = NO;
				GCC_C_LANGUAGE_STANDARD = gnu17;
				GCC_NO_COMMON_BLOCKS = YES;
				GCC_WARN_64_TO_32_BIT_CONVERSION = YES;
				GCC_WARN_ABOUT_RETURN_TYPE = YES_ERROR;
				GCC_WARN_UNDECLARED_SELECTOR = YES;
				GCC_WARN_UNINITIALIZED_AUTOS = YES_AGGRESSIVE;
				GCC_WARN_UNUSED_FUNCTION = YES;
				GCC_WARN_UNUSED_VARIABLE = YES;
				IPHONEOS_DEPLOYMENT_TARGET = 18.2;
				LOCALIZATION_PREFERS_STRING_CATALOGS = YES;
				MTL_ENABLE_DEBUG_INFO = NO;
				MTL_FAST_MATH = YES;
				OTHER_LDFLAGS = "-lsqlite3";
				SDKROOT = iphoneos;
				SWIFT_COMPILATION_MODE = wholemodule;
				VALIDATE_PRODUCT = YES;
			};
			name = Release;
		};
		ABBF133EBE50DEF72876A4C3 /* Debug */ = {
			isa = XCBuildConfiguration;
			baseConfigurationReference = 765B23A12EC84C3D00A58706 /* Config.xcconfig */;
			buildSettings = {
				ALWAYS_SEARCH_USER_PATHS = NO;
				ASSETCATALOG_COMPILER_GENERATE_SWIFT_ASSET_SYMBOL_EXTENSIONS = YES;
				CLANG_ANALYZER_NONNULL = YES;
				CLANG_ANALYZER_NUMBER_OBJECT_CONVERSION = YES_AGGRESSIVE;
				CLANG_CXX_LANGUAGE_STANDARD = "gnu++20";
				CLANG_ENABLE_MODULES = YES;
				CLANG_ENABLE_OBJC_ARC = YES;
				CLANG_ENABLE_OBJC_WEAK = YES;
				CLANG_WARN_BLOCK_CAPTURE_AUTORELEASING = YES;
				CLANG_WARN_BOOL_CONVERSION = YES;
				CLANG_WARN_COMMA = YES;
				CLANG_WARN_CONSTANT_CONVERSION = YES;
				CLANG_WARN_DEPRECATED_OBJC_IMPLEMENTATIONS = YES;
				CLANG_WARN_DIRECT_OBJC_ISA_USAGE = YES_ERROR;
				CLANG_WARN_DOCUMENTATION_COMMENTS = YES;
				CLANG_WARN_EMPTY_BODY = YES;
				CLANG_WARN_ENUM_CONVERSION = YES;
				CLANG_WARN_INFINITE_RECURSION = YES;
				CLANG_WARN_INT_CONVERSION = YES;
				CLANG_WARN_NON_LITERAL_NULL_CONVERSION = YES;
				CLANG_WARN_OBJC_IMPLICIT_RETAIN_SELF = YES;
				CLANG_WARN_OBJC_LITERAL_CONVERSION = YES;
				CLANG_WARN_OBJC_ROOT_CLASS = YES_ERROR;
				CLANG_WARN_QUOTED_INCLUDE_IN_FRAMEWORK_HEADER = YES;
				CLANG_WARN_RANGE_LOOP_ANALYSIS = YES;
				CLANG_WARN_STRICT_PROTOTYPES = YES;
				CLANG_WARN_SUSPICIOUS_MOVE = YES;
				CLANG_WARN_UNGUARDED_AVAILABILITY = YES_AGGRESSIVE;
				CLANG_WARN_UNREACHABLE_CODE = YES;
				CLANG_WARN__DUPLICATE_METHOD_MATCH = YES;
				COPY_PHASE_STRIP = NO;
				DEBUG_INFORMATION_FORMAT = dwarf;
				ENABLE_STRICT_OBJC_MSGSEND = YES;
				ENABLE_TESTABILITY = YES;
				ENABLE_USER_SCRIPT_SANDBOXING = NO;
				GCC_C_LANGUAGE_STANDARD = gnu17;
				GCC_DYNAMIC_NO_PIC = NO;
				GCC_NO_COMMON_BLOCKS = YES;
				GCC_OPTIMIZATION_LEVEL = 0;
				GCC_PREPROCESSOR_DEFINITIONS = (
					"DEBUG=1",
					"$(inherited)",
				);
				GCC_WARN_64_TO_32_BIT_CONVERSION = YES;
				GCC_WARN_ABOUT_RETURN_TYPE = YES_ERROR;
				GCC_WARN_UNDECLARED_SELECTOR = YES;
				GCC_WARN_UNINITIALIZED_AUTOS = YES_AGGRESSIVE;
				GCC_WARN_UNUSED_FUNCTION = YES;
				GCC_WARN_UNUSED_VARIABLE = YES;
				IPHONEOS_DEPLOYMENT_TARGET = 18.2;
				LOCALIZATION_PREFERS_STRING_CATALOGS = YES;
				MTL_ENABLE_DEBUG_INFO = INCLUDE_SOURCE;
				MTL_FAST_MATH = YES;
				ONLY_ACTIVE_ARCH = YES;
				OTHER_LDFLAGS = "-lsqlite3";
				SDKROOT = iphoneos;
				SWIFT_ACTIVE_COMPILATION_CONDITIONS = "DEBUG $(inherited)";
				SWIFT_OPTIMIZATION_LEVEL = "-Onone";
			};
			name = Debug;
		};
		C82DADAF3DBFD3A0FB7088F6 /* Release */ = {
			isa = XCBuildConfiguration;
			buildSettings = {
				ARCHS = arm64;
				ASSETCATALOG_COMPILER_APPICON_NAME = AppIcon;
				ASSETCATALOG_COMPILER_GLOBAL_ACCENT_COLOR_NAME = AccentColor;
				CODE_SIGN_IDENTITY = "Apple Development";
				CODE_SIGN_STYLE = Automatic;
				DEVELOPMENT_ASSET_PATHS = "\"iosApp/Preview Content\"";
				DEVELOPMENT_TEAM = "${TEAM_ID}";
				ENABLE_PREVIEWS = YES;
				GENERATE_INFOPLIST_FILE = YES;
				INFOPLIST_FILE = iosApp/Info.plist;
				INFOPLIST_KEY_UIApplicationSceneManifest_Generation = YES;
				INFOPLIST_KEY_UIApplicationSupportsIndirectInputEvents = YES;
				INFOPLIST_KEY_UILaunchScreen_Generation = YES;
				INFOPLIST_KEY_UISupportedInterfaceOrientations_iPad = "UIInterfaceOrientationPortrait UIInterfaceOrientationPortraitUpsideDown UIInterfaceOrientationLandscapeLeft UIInterfaceOrientationLandscapeRight";
				INFOPLIST_KEY_UISupportedInterfaceOrientations_iPhone = "UIInterfaceOrientationPortrait UIInterfaceOrientationLandscapeLeft UIInterfaceOrientationLandscapeRight";
				LD_RUNPATH_SEARCH_PATHS = (
					"$(inherited)",
					"@executable_path/Frameworks",
				);
				SWIFT_EMIT_LOC_STRINGS = YES;
				SWIFT_VERSION = 5.0;
				TARGETED_DEVICE_FAMILY = "1,2";
			};
			name = Release;
		};
		F25BF551D30014F2C251EDB8 /* Debug */ = {
			isa = XCBuildConfiguration;
			buildSettings = {
				ARCHS = arm64;
				ASSETCATALOG_COMPILER_APPICON_NAME = AppIcon;
				ASSETCATALOG_COMPILER_GLOBAL_ACCENT_COLOR_NAME = AccentColor;
				CODE_SIGN_IDENTITY = "Apple Development";
				CODE_SIGN_STYLE = Automatic;
				DEVELOPMENT_ASSET_PATHS = "\"iosApp/Preview Content\"";
				DEVELOPMENT_TEAM = "${TEAM_ID}";
				ENABLE_PREVIEWS = YES;
				GENERATE_INFOPLIST_FILE = YES;
				INFOPLIST_FILE = iosApp/Info.plist;
				INFOPLIST_KEY_UIApplicationSceneManifest_Generation = YES;
				INFOPLIST_KEY_UIApplicationSupportsIndirectInputEvents = YES;
				INFOPLIST_KEY_UILaunchScreen_Generation = YES;
				INFOPLIST_KEY_UISupportedInterfaceOrientations_iPad = "UIInterfaceOrientationPortrait UIInterfaceOrientationPortraitUpsideDown UIInterfaceOrientationLandscapeLeft UIInterfaceOrientationLandscapeRight";
				INFOPLIST_KEY_UISupportedInterfaceOrientations_iPhone = "UIInterfaceOrientationPortrait UIInterfaceOrientationLandscapeLeft UIInterfaceOrientationLandscapeRight";
				LD_RUNPATH_SEARCH_PATHS = (
					"$(inherited)",
					"@executable_path/Frameworks",
				);
				SWIFT_EMIT_LOC_STRINGS = YES;
				SWIFT_VERSION = 5.0;
				TARGETED_DEVICE_FAMILY = "1,2";
			};
			name = Debug;
		};
/* End XCBuildConfiguration section */

/* Begin XCConfigurationList section */
		3EFE7408EBE327D86E6124DE /* Build configuration list for PBXProject "iosApp" */ = {
			isa = XCConfigurationList;
			buildConfigurations = (
				ABBF133EBE50DEF72876A4C3 /* Debug */,
				4C6869064D5926858583F2B4 /* Release */,
			);
			defaultConfigurationIsVisible = 0;
			defaultConfigurationName = Release;
		};
		8CFF8AA56AE8488BF68241FF /* Build configuration list for PBXNativeTarget "iosApp" */ = {
			isa = XCConfigurationList;
			buildConfigurations = (
				F25BF551D30014F2C251EDB8 /* Debug */,
				C82DADAF3DBFD3A0FB7088F6 /* Release */,
			);
			defaultConfigurationIsVisible = 0;
			defaultConfigurationName = Release;
		};
/* End XCConfigurationList section */
	};
	rootObject = 12F7FAB66F69DDD62B6C7343 /* Project object */;
}
